// !$*UTF8*$!
{
	archiveVersion = 1;
	classes = {
	};
	objectVersion = 56;
	objects = {

/* Begin PBXBuildFile section */
		A10000001 /* WasserApp.swift in Sources */ = {isa = PBXBuildFile; fileRef = A20000001; };
		A10000002 /* ContentView.swift in Sources */ = {isa = PBXBuildFile; fileRef = A20000002; };
		A10000003 /* Assets.xcassets in Resources */ = {isa = PBXBuildFile; fileRef = A20000003; };
		A10000004 /* WaterBody.swift in Sources */ = {isa = PBXBuildFile; fileRef = A20000004; };
		A10000005 /* TemperatureMeasurement.swift in Sources */ = {isa = PBXBuildFile; fileRef = A20000005; };
		A10000006 /* WaterTemperatureService.swift in Sources */ = {isa = PBXBuildFile; fileRef = A20000006; };
		A10000007 /* MockDataProvider.swift in Sources */ = {isa = PBXBuildFile; fileRef = A20000007; };
		A10000008 /* LocationListView.swift in Sources */ = {isa = PBXBuildFile; fileRef = A20000008; };
		A10000009 /* LocationDetailView.swift in Sources */ = {isa = PBXBuildFile; fileRef = A20000009; };
		A10000010 /* TemperatureCardView.swift in Sources */ = {isa = PBXBuildFile; fileRef = A20000010; };
		A10000011 /* Color+Extensions.swift in Sources */ = {isa = PBXBuildFile; fileRef = A20000011; };
		A10000012 /* FavoritesView.swift in Sources */ = {isa = PBXBuildFile; fileRef = A20000012; };
		A10000013 /* SearchBar.swift in Sources */ = {isa = PBXBuildFile; fileRef = A20000013; };
		A10000014 /* TemperatureGraphView.swift in Sources */ = {isa = PBXBuildFile; fileRef = A20000014; };
		A10000015 /* WaterBodyRow.swift in Sources */ = {isa = PBXBuildFile; fileRef = A20000015; };
		A10000016 /* LocationManager.swift in Sources */ = {isa = PBXBuildFile; fileRef = A20000016; };
/* End PBXBuildFile section */

/* Begin PBXFileReference section */
		A30000001 /* Wasser.app */ = {isa = PBXFileReference; explicitFileType = wrapper.application; includeInIndex = 0; path = Wasser.app; sourceTree = BUILT_PRODUCTS_DIR; };
		A20000001 /* WasserApp.swift */ = {isa = PBXFileReference; lastKnownFileType = sourcecode.swift; path = WasserApp.swift; sourceTree = "<group>"; };
		A20000002 /* ContentView.swift */ = {isa = PBXFileReference; lastKnownFileType = sourcecode.swift; path = ContentView.swift; sourceTree = "<group>"; };
		A20000003 /* Assets.xcassets */ = {isa = PBXFileReference; lastKnownFileType = folder.assetcatalog; path = Assets.xcassets; sourceTree = "<group>"; };
		A20000004 /* WaterBody.swift */ = {isa = PBXFileReference; lastKnownFileType = sourcecode.swift; path = WaterBody.swift; sourceTree = "<group>"; };
		A20000005 /* TemperatureMeasurement.swift */ = {isa = PBXFileReference; lastKnownFileType = sourcecode.swift; path = TemperatureMeasurement.swift; sourceTree = "<group>"; };
		A20000006 /* WaterTemperatureService.swift */ = {isa = PBXFileReference; lastKnownFileType = sourcecode.swift; path = WaterTemperatureService.swift; sourceTree = "<group>"; };
		A20000007 /* MockDataProvider.swift */ = {isa = PBXFileReference; lastKnownFileType = sourcecode.swift; path = MockDataProvider.swift; sourceTree = "<group>"; };
		A20000008 /* LocationListView.swift */ = {isa = PBXFileReference; lastKnownFileType = sourcecode.swift; path = LocationListView.swift; sourceTree = "<group>"; };
		A20000009 /* LocationDetailView.swift */ = {isa = PBXFileReference; lastKnownFileType = sourcecode.swift; path = LocationDetailView.swift; sourceTree = "<group>"; };
		A20000010 /* TemperatureCardView.swift */ = {isa = PBXFileReference; lastKnownFileType = sourcecode.swift; path = TemperatureCardView.swift; sourceTree = "<group>"; };
		A20000011 /* Color+Extensions.swift */ = {isa = PBXFileReference; lastKnownFileType = sourcecode.swift; path = "Color+Extensions.swift"; sourceTree = "<group>"; };
		A20000012 /* FavoritesView.swift */ = {isa = PBXFileReference; lastKnownFileType = sourcecode.swift; path = FavoritesView.swift; sourceTree = "<group>"; };
		A20000013 /* SearchBar.swift */ = {isa = PBXFileReference; lastKnownFileType = sourcecode.swift; path = SearchBar.swift; sourceTree = "<group>"; };
		A20000014 /* TemperatureGraphView.swift */ = {isa = PBXFileReference; lastKnownFileType = sourcecode.swift; path = TemperatureGraphView.swift; sourceTree = "<group>"; };
		A20000015 /* WaterBodyRow.swift */ = {isa = PBXFileReference; lastKnownFileType = sourcecode.swift; path = WaterBodyRow.swift; sourceTree = "<group>"; };
		A20000016 /* LocationManager.swift */ = {isa = PBXFileReference; lastKnownFileType = sourcecode.swift; path = LocationManager.swift; sourceTree = "<group>"; };
/* End PBXFileReference section */

/* Begin PBXFrameworksBuildPhase section */
		A40000001 /* Frameworks */ = {
			isa = PBXFrameworksBuildPhase;
			buildActionMask = 2147483647;
			files = (
			);
			runOnlyForDeploymentPostprocessing = 0;
		};
/* End PBXFrameworksBuildPhase section */

/* Begin PBXGroup section */
		A50000001 = {
			isa = PBXGroup;
			children = (
				A50000002 /* Wasser */,
				A50000009 /* Products */,
			);
			sourceTree = "<group>";
		};
		A50000002 /* Wasser */ = {
			isa = PBXGroup;
			children = (
				A50000003 /* App */,
				A50000004 /* Models */,
				A50000005 /* Views */,
				A50000006 /* Services */,
				A50000007 /* Extensions */,
				A20000003 /* Assets.xcassets */,
			);
			path = Wasser;
			sourceTree = "<group>";
		};
		A50000003 /* App */ = {
			isa = PBXGroup;
			children = (
				A20000001 /* WasserApp.swift */,
				A20000002 /* ContentView.swift */,
			);
			path = App;
			sourceTree = "<group>";
		};
		A50000004 /* Models */ = {
			isa = PBXGroup;
			children = (
				A20000004 /* WaterBody.swift */,
				A20000005 /* TemperatureMeasurement.swift */,
			);
			path = Models;
			sourceTree = "<group>";
		};
		A50000005 /* Views */ = {
			isa = PBXGroup;
			children = (
				A20000008 /* LocationListView.swift */,
				A20000009 /* LocationDetailView.swift */,
				A20000012 /* FavoritesView.swift */,
				A50000008 /* Components */,
			);
			path = Views;
			sourceTree = "<group>";
		};
		A50000006 /* Services */ = {
			isa = PBXGroup;
			children = (
				A20000006 /* WaterTemperatureService.swift */,
				A20000007 /* MockDataProvider.swift */,
				A20000016 /* LocationManager.swift */,
			);
			path = Services;
			sourceTree = "<group>";
		};
		A50000007 /* Extensions */ = {
			isa = PBXGroup;
			children = (
				A20000011 /* Color+Extensions.swift */,
			);
			path = Extensions;
			sourceTree = "<group>";
		};
		A50000008 /* Components */ = {
			isa = PBXGroup;
			children = (
				A20000010 /* TemperatureCardView.swift */,
				A20000013 /* SearchBar.swift */,
				A20000014 /* TemperatureGraphView.swift */,
				A20000015 /* WaterBodyRow.swift */,
			);
			path = Components;
			sourceTree = "<group>";
		};
		A50000009 /* Products */ = {
			isa = PBXGroup;
			children = (
				A30000001 /* Wasser.app */,
			);
			name = Products;
			sourceTree = "<group>";
		};
/* End PBXGroup section */

/* Begin PBXNativeTarget section */
		A60000001 /* Wasser */ = {
			isa = PBXNativeTarget;
			buildConfigurationList = A80000003 /* Build configuration list for PBXNativeTarget "Wasser" */;
			buildPhases = (
				A70000001 /* Sources */,
				A40000001 /* Frameworks */,
				A70000002 /* Resources */,
			);
			buildRules = (
			);
			dependencies = (
			);
			name = Wasser;
			productName = Wasser;
			productReference = A30000001 /* Wasser.app */;
			productType = "com.apple.product-type.application";
		};
/* End PBXNativeTarget section */

/* Begin PBXProject section */
		A90000001 /* Project object */ = {
			isa = PBXProject;
			attributes = {
				BuildIndependentTargetsInParallel = 1;
				LastSwiftUpdateCheck = 1500;
				LastUpgradeCheck = 1500;
				TargetAttributes = {
					A60000001 = {
						CreatedOnToolsVersion = 15.0;
					};
				};
			};
			buildConfigurationList = A80000001 /* Build configuration list for PBXProject "Wasser" */;
			compatibilityVersion = "Xcode 14.0";
			developmentRegion = en;
			hasScannedForEncodings = 0;
			knownRegions = (
				en,
				Base,
				de,
			);
			mainGroup = A50000001;
			productRefGroup = A50000009 /* Products */;
			projectDirPath = "";
			projectRoot = "";
			targets = (
				A60000001 /* Wasser */,
			);
		};
/* End PBXProject section */

/* Begin PBXResourcesBuildPhase section */
		A70000002 /* Resources */ = {
			isa = PBXResourcesBuildPhase;
			buildActionMask = 2147483647;
			files = (
				A10000003 /* Assets.xcassets in Resources */,
			);
			runOnlyForDeploymentPostprocessing = 0;
		};
/* End PBXResourcesBuildPhase section */

/* Begin PBXSourcesBuildPhase section */
		A70000001 /* Sources */ = {
			isa = PBXSourcesBuildPhase;
			buildActionMask = 2147483647;
			files = (
				A10000001 /* WasserApp.swift in Sources */,
				A10000002 /* ContentView.swift in Sources */,
				A10000004 /* WaterBody.swift in Sources */,
				A10000005 /* TemperatureMeasurement.swift in Sources */,
				A10000006 /* WaterTemperatureService.swift in Sources */,
				A10000007 /* MockDataProvider.swift in Sources */,
				A10000008 /* LocationListView.swift in Sources */,
				A10000009 /* LocationDetailView.swift in Sources */,
				A10000010 /* TemperatureCardView.swift in Sources */,
				A10000011 /* Color+Extensions.swift in Sources */,
				A10000012 /* FavoritesView.swift in Sources */,
				A10000013 /* SearchBar.swift in Sources */,
				A10000014 /* TemperatureGraphView.swift in Sources */,
				A10000015 /* WaterBodyRow.swift in Sources */,
				A10000016 /* LocationManager.swift in Sources */,
			);
			runOnlyForDeploymentPostprocessing = 0;
		};
/* End PBXSourcesBuildPhase section */

/* Begin XCBuildConfiguration section */
		A80000001D /* Debug */ = {
			isa = XCBuildConfiguration;
			buildSettings = {
				ALWAYS_SEARCH_USER_PATHS = NO;
				ASSETCATALOG_COMPILER_GENERATE_SWIFT_ASSET_SYMBOL_EXTENSIONS = YES;
				CLANG_ANALYZER_NONNULL = YES;
				CLANG_CXX_LANGUAGE_STANDARD = "gnu++20";
				CLANG_ENABLE_MODULES = YES;
				CLANG_ENABLE_OBJC_ARC = YES;
				COPY_PHASE_STRIP = NO;
				DEBUG_INFORMATION_FORMAT = dwarf;
				ENABLE_STRICT_OBJC_MSGSEND = YES;
				ENABLE_TESTABILITY = YES;
				GCC_DYNAMIC_NO_PIC = NO;
				GCC_OPTIMIZATION_LEVEL = 0;
				GCC_PREPROCESSOR_DEFINITIONS = (
					"DEBUG=1",
					"$(inherited)",
				);
				GCC_WARN_ABOUT_RETURN_TYPE = YES_ERROR;
				GCC_WARN_UNINITIALIZED_AUTOS = YES_AGGRESSIVE;
				IPHONEOS_DEPLOYMENT_TARGET = 17.0;
				MTL_ENABLE_DEBUG_INFO = INCLUDE_SOURCE;
				ONLY_ACTIVE_ARCH = YES;
				SDKROOT = iphoneos;
				SWIFT_ACTIVE_COMPILATION_CONDITIONS = "DEBUG $(inherited)";
				SWIFT_OPTIMIZATION_LEVEL = "-Onone";
			};
			name = Debug;
		};
		A80000001R /* Release */ = {
			isa = XCBuildConfiguration;
			buildSettings = {
				ALWAYS_SEARCH_USER_PATHS = NO;
				ASSETCATALOG_COMPILER_GENERATE_SWIFT_ASSET_SYMBOL_EXTENSIONS = YES;
				CLANG_ANALYZER_NONNULL = YES;
				CLANG_CXX_LANGUAGE_STANDARD = "gnu++20";
				CLANG_ENABLE_MODULES = YES;
				CLANG_ENABLE_OBJC_ARC = YES;
				COPY_PHASE_STRIP = NO;
				DEBUG_INFORMATION_FORMAT = "dwarf-with-dsym";
				ENABLE_NS_ASSERTIONS = NO;
				ENABLE_STRICT_OBJC_MSGSEND = YES;
				GCC_WARN_ABOUT_RETURN_TYPE = YES_ERROR;
				GCC_WARN_UNINITIALIZED_AUTOS = YES_AGGRESSIVE;
				IPHONEOS_DEPLOYMENT_TARGET = 17.0;
				MTL_ENABLE_DEBUG_INFO = NO;
				SDKROOT = iphoneos;
				SWIFT_COMPILATION_MODE = wholemodule;
				VALIDATE_PRODUCT = YES;
			};
			name = Release;
		};
		A80000003D /* Debug */ = {
			isa = XCBuildConfiguration;
			buildSettings = {
				ASSETCATALOG_COMPILER_APPICON_NAME = AppIcon;
				ASSETCATALOG_COMPILER_GLOBAL_ACCENT_COLOR_NAME = AccentColor;
				CODE_SIGN_STYLE = Automatic;
				CURRENT_PROJECT_VERSION = 1;
				GENERATE_INFOPLIST_FILE = YES;
				INFOPLIST_KEY_CFBundleDisplayName = Wasser;
				INFOPLIST_KEY_NSLocationWhenInUseUsageDescription = "Wasser uses your location to show nearby water temperatures.";
				INFOPLIST_KEY_UIApplicationSceneManifest_Generation = YES;
				INFOPLIST_KEY_UIApplicationSupportsIndirectInputEvents = YES;
				INFOPLIST_KEY_UILaunchScreen_Generation = YES;
				INFOPLIST_KEY_UISupportedInterfaceOrientations_iPad = "UIInterfaceOrientationPortrait UIInterfaceOrientationPortraitUpsideDown UIInterfaceOrientationLandscapeLeft UIInterfaceOrientationLandscapeRight";
				INFOPLIST_KEY_UISupportedInterfaceOrientations_iPhone = "UIInterfaceOrientationPortrait UIInterfaceOrientationLandscapeLeft UIInterfaceOrientationLandscapeRight";
				LD_RUNPATH_SEARCH_PATHS = (
					"$(inherited)",
					"@executable_path/Frameworks",
				);
				MARKETING_VERSION = 1.0;
				PRODUCT_BUNDLE_IDENTIFIER = com.wasser.app;
				PRODUCT_NAME = "$(TARGET_NAME)";
				SWIFT_EMIT_LOC_STRINGS = YES;
				SWIFT_VERSION = 5.0;
				TARGETED_DEVICE_FAMILY = "1,2";
			};
			name = Debug;
		};
		A80000003R /* Release */ = {
			isa = XCBuildConfiguration;
			buildSettings = {
				ASSETCATALOG_COMPILER_APPICON_NAME = AppIcon;
				ASSETCATALOG_COMPILER_GLOBAL_ACCENT_COLOR_NAME = AccentColor;
				CODE_SIGN_STYLE = Automatic;
				CURRENT_PROJECT_VERSION = 1;
				GENERATE_INFOPLIST_FILE = YES;
				INFOPLIST_KEY_CFBundleDisplayName = Wasser;
				INFOPLIST_KEY_NSLocationWhenInUseUsageDescription = "Wasser uses your location to show nearby water temperatures.";
				INFOPLIST_KEY_UIApplicationSceneManifest_Generation = YES;
				INFOPLIST_KEY_UIApplicationSupportsIndirectInputEvents = YES;
				INFOPLIST_KEY_UILaunchScreen_Generation = YES;
				INFOPLIST_KEY_UISupportedInterfaceOrientations_iPad = "UIInterfaceOrientationPortrait UIInterfaceOrientationPortraitUpsideDown UIInterfaceOrientationLandscapeLeft UIInterfaceOrientationLandscapeRight";
				INFOPLIST_KEY_UISupportedInterfaceOrientations_iPhone = "UIInterfaceOrientationPortrait UIInterfaceOrientationLandscapeLeft UIInterfaceOrientationLandscapeRight";
				LD_RUNPATH_SEARCH_PATHS = (
					"$(inherited)",
					"@executable_path/Frameworks",
				);
				MARKETING_VERSION = 1.0;
				PRODUCT_BUNDLE_IDENTIFIER = com.wasser.app;
				PRODUCT_NAME = "$(TARGET_NAME)";
				SWIFT_EMIT_LOC_STRINGS = YES;
				SWIFT_VERSION = 5.0;
				TARGETED_DEVICE_FAMILY = "1,2";
			};
			name = Release;
		};
/* End XCBuildConfiguration section */

/* Begin XCConfigurationList section */
		A80000001 /* Build configuration list for PBXProject "Wasser" */ = {
			isa = XCConfigurationList;
			buildConfigurations = (
				A80000001D /* Debug */,
				A80000001R /* Release */,
			);
			defaultConfigurationIsVisible = 0;
			defaultConfigurationName = Release;
		};
		A80000003 /* Build configuration list for PBXNativeTarget "Wasser" */ = {
			isa = XCConfigurationList;
			buildConfigurations = (
				A80000003D /* Debug */,
				A80000003R /* Release */,
			);
			defaultConfigurationIsVisible = 0;
			defaultConfigurationName = Release;
		};
/* End XCConfigurationList section */
	};
	rootObject = A90000001 /* Project object */;
}
